
Microsoft Visual Studio Solution File, Format Version 12.00
# Visual Studio Version 17
VisualStudioVersion = 17.8.34322.80
MinimumVisualStudioVersion = 10.0.40219.1
Project("{9A19103F-16F7-4668-BE54-9A1E7A4F7556}") = "MyRazorPage", "MyRazorPage.csproj", "{DA6FB11C-9C70-4FD6-8320-95511A29BBAD}"
EndProject
Project("{9A19103F-16F7-4668-BE54-9A1E7A4F7556}") = "BusinessObjects", "..\BusinessObjects\BusinessObjects.csproj", "{C0323B13-8188-4336-B21B-BA4F1991CE0D}"
EndProject
Project("{9A19103F-16F7-4668-BE54-9A1E7A4F7556}") = "DataAccessObjects", "..\DataAccessObjects\DataAccessObjects.csproj", "{87DA4B22-5778-4CFE-8D84-6A2A38E4F10E}"
EndProject
Global
	GlobalSection(SolutionConfigurationPlatforms) = preSolution
		Debug|Any CPU = Debug|Any CPU
		Release|Any CPU = Release|Any CPU
	EndGlobalSection
	GlobalSection(ProjectConfigurationPlatforms) = postSolution
		{DA6FB11C-9C70-4FD6-8320-95511A29BBAD}.Debug|Any CPU.ActiveCfg = Debug|Any CPU
		{DA6FB11C-9C70-4FD6-8320-95511A29BBAD}.Debug|Any CPU.Build.0 = Debug|Any CPU
		{DA6FB11C-9C70-4FD6-8320-95511A29BBAD}.Release|Any CPU.ActiveCfg = Release|Any CPU
		{DA6FB11C-9C70-4FD6-8320-95511A29BBAD}.Release|Any CPU.Build.0 = Release|Any CPU
		{C0323B13-8188-4336-B21B-BA4F1991CE0D}.Debug|Any CPU.ActiveCfg = Debug|Any CPU
		{C0323B13-8188-4336-B21B-BA4F1991CE0D}.Debug|Any CPU.Build.0 = Debug|Any CPU
		{C0323B13-8188-4336-B21B-BA4F1991CE0D}.Release|Any CPU.ActiveCfg = Release|Any CPU
		{C0323B13-8188-4336-B21B-BA4F1991CE0D}.Release|Any CPU.Build.0 = Release|Any CPU
		{87DA4B22-5778-4CFE-8D84-6A2A38E4F10E}.Debug|Any CPU.ActiveCfg = Debug|Any CPU
		{87DA4B22-5778-4CFE-8D84-6A2A38E4F10E}.Debug|Any CPU.Build.0 = Debug|Any CPU
		{87DA4B22-5778-4CFE-8D84-6A2A38E4F10E}.Release|Any CPU.ActiveCfg = Release|Any CPU
		{87DA4B22-5778-4CFE-8D84-6A2A38E4F10E}.Release|Any CPU.Build.0 = Release|Any CPU
	EndGlobalSection
	GlobalSection(SolutionProperties) = preSolution
		HideSolutionNode = FALSE
	EndGlobalSection
	GlobalSection(ExtensibilityGlobals) = postSolution
		SolutionGuid = {0AD1E081-637E-4C46-BB20-7922FD83FA45}
	EndGlobalSection
EndGlobal
